// !$*UTF8*$!
{
	archiveVersion = 1;
	classes = {
	};
	objectVersion = 48;
	objects = {

/* Begin PBXBuildFile section */
		4A3A4841215D5BB700C70145 /* icon_menu_active@2x.png in Resources */ = {isa = PBXBuildFile; fileRef = 4A3A4840215D5BB600C70145 /* icon_menu_active@2x.png */; };
		4A4FD8CB21542A6100011353 /* AppDelegate.m in Sources */ = {isa = PBXBuildFile; fileRef = 4A4FD8CA21542A6100011353 /* AppDelegate.m */; };
		4A4FD8CE21542A6100011353 /* ViewController.m in Sources */ = {isa = PBXBuildFile; fileRef = 4A4FD8CD21542A6100011353 /* ViewController.m */; };
		4A4FD8D021542A6200011353 /* Assets.xcassets in Resources */ = {isa = PBXBuildFile; fileRef = 4A4FD8CF21542A6200011353 /* Assets.xcassets */; };
		4A4FD8D321542A6200011353 /* Main.storyboard in Resources */ = {isa = PBXBuildFile; fileRef = 4A4FD8D121542A6200011353 /* Main.storyboard */; };
		4A4FD8D621542A6200011353 /* main.m in Sources */ = {isa = PBXBuildFile; fileRef = 4A4FD8D521542A6200011353 /* main.m */; };
		4A4FD8DE21542B4800011353 /* icon_menu@2x.png in Resources */ = {isa = PBXBuildFile; fileRef = 4A4FD8DD21542B4700011353 /* icon_menu@2x.png */; };
		4A4FD8E021542B5100011353 /* icon.png in Resources */ = {isa = PBXBuildFile; fileRef = 4A4FD8DF21542B5100011353 /* icon.png */; };
		4A4FD8E321545E2900011353 /* Manager.m in Sources */ = {isa = PBXBuildFile; fileRef = 4A4FD8E221545E2900011353 /* Manager.m */; };
		4AAF03B2215AC6430074E67C /* TableItem.m in Sources */ = {isa = PBXBuildFile; fileRef = 4AAF03B1215AC6430074E67C /* TableItem.m */; };
		4AAF03B5215AD0170074E67C /* CircleImage.m in Sources */ = {isa = PBXBuildFile; fileRef = 4AAF03B4215AD0170074E67C /* CircleImage.m */; };
		4AAF03B8215AF7A80074E67C /* NSTableView+ContextMenu.m in Sources */ = {isa = PBXBuildFile; fileRef = 4AAF03B7215AF7A80074E67C /* NSTableView+ContextMenu.m */; };
/* End PBXBuildFile section */

/* Begin PBXFileReference section */
		4A3A4840215D5BB600C70145 /* icon_menu_active@2x.png */ = {isa = PBXFileReference; lastKnownFileType = image.png; path = "icon_menu_active@2x.png"; sourceTree = "<group>"; };
		4A4FD8C621542A6100011353 /* JenkinsMonitor.app */ = {isa = PBXFileReference; explicitFileType = wrapper.application; includeInIndex = 0; path = JenkinsMonitor.app; sourceTree = BUILT_PRODUCTS_DIR; };
		4A4FD8C921542A6100011353 /* AppDelegate.h */ = {isa = PBXFileReference; lastKnownFileType = sourcecode.c.h; path = AppDelegate.h; sourceTree = "<group>"; };
		4A4FD8CA21542A6100011353 /* AppDelegate.m */ = {isa = PBXFileReference; lastKnownFileType = sourcecode.c.objc; path = AppDelegate.m; sourceTree = "<group>"; };
		4A4FD8CC21542A6100011353 /* ViewController.h */ = {isa = PBXFileReference; lastKnownFileType = sourcecode.c.h; path = ViewController.h; sourceTree = "<group>"; };
		4A4FD8CD21542A6100011353 /* ViewController.m */ = {isa = PBXFileReference; lastKnownFileType = sourcecode.c.objc; path = ViewController.m; sourceTree = "<group>"; };
		4A4FD8CF21542A6200011353 /* Assets.xcassets */ = {isa = PBXFileReference; lastKnownFileType = folder.assetcatalog; path = Assets.xcassets; sourceTree = "<group>"; };
		4A4FD8D221542A6200011353 /* Base */ = {isa = PBXFileReference; lastKnownFileType = file.storyboard; name = Base; path = Base.lproj/Main.storyboard; sourceTree = "<group>"; };
		4A4FD8D421542A6200011353 /* Info.plist */ = {isa = PBXFileReference; lastKnownFileType = text.plist.xml; path = Info.plist; sourceTree = "<group>"; };
		4A4FD8D521542A6200011353 /* main.m */ = {isa = PBXFileReference; lastKnownFileType = sourcecode.c.objc; path = main.m; sourceTree = "<group>"; };
		4A4FD8D721542A6200011353 /* JenkinsMonitor.entitlements */ = {isa = PBXFileReference; lastKnownFileType = text.plist.entitlements; path = JenkinsMonitor.entitlements; sourceTree = "<group>"; };
		4A4FD8DD21542B4700011353 /* icon_menu@2x.png */ = {isa = PBXFileReference; lastKnownFileType = image.png; path = "icon_menu@2x.png"; sourceTree = "<group>"; };
		4A4FD8DF21542B5100011353 /* icon.png */ = {isa = PBXFileReference; lastKnownFileType = image.png; path = icon.png; sourceTree = "<group>"; };
		4A4FD8E121545E2900011353 /* Manager.h */ = {isa = PBXFileReference; lastKnownFileType = sourcecode.c.h; path = Manager.h; sourceTree = "<group>"; };
		4A4FD8E221545E2900011353 /* Manager.m */ = {isa = PBXFileReference; lastKnownFileType = sourcecode.c.objc; path = Manager.m; sourceTree = "<group>"; };
		4AAF03B0215AC6430074E67C /* TableItem.h */ = {isa = PBXFileReference; lastKnownFileType = sourcecode.c.h; path = TableItem.h; sourceTree = "<group>"; };
		4AAF03B1215AC6430074E67C /* TableItem.m */ = {isa = PBXFileReference; lastKnownFileType = sourcecode.c.objc; path = TableItem.m; sourceTree = "<group>"; };
		4AAF03B3215AD0170074E67C /* CircleImage.h */ = {isa = PBXFileReference; lastKnownFileType = sourcecode.c.h; path = CircleImage.h; sourceTree = "<group>"; };
		4AAF03B4215AD0170074E67C /* CircleImage.m */ = {isa = PBXFileReference; lastKnownFileType = sourcecode.c.objc; path = CircleImage.m; sourceTree = "<group>"; };
		4AAF03B6215AF7A80074E67C /* NSTableView+ContextMenu.h */ = {isa = PBXFileReference; lastKnownFileType = sourcecode.c.h; path = "NSTableView+ContextMenu.h"; sourceTree = "<group>"; };
		4AAF03B7215AF7A80074E67C /* NSTableView+ContextMenu.m */ = {isa = PBXFileReference; lastKnownFileType = sourcecode.c.objc; path = "NSTableView+ContextMenu.m"; sourceTree = "<group>"; };
/* End PBXFileReference section */

/* Begin PBXFrameworksBuildPhase section */
		4A4FD8C321542A6100011353 /* Frameworks */ = {
			isa = PBXFrameworksBuildPhase;
			buildActionMask = 2147483647;
			files = (
			);
			runOnlyForDeploymentPostprocessing = 0;
		};
/* End PBXFrameworksBuildPhase section */

/* Begin PBXGroup section */
		4A4FD8BD21542A6100011353 = {
			isa = PBXGroup;
			children = (
				4A4FD8C821542A6100011353 /* JenkinsMonitor */,
				4A4FD8C721542A6100011353 /* Products */,
			);
			sourceTree = "<group>";
		};
		4A4FD8C721542A6100011353 /* Products */ = {
			isa = PBXGroup;
			children = (
				4A4FD8C621542A6100011353 /* JenkinsMonitor.app */,
			);
			name = Products;
			sourceTree = "<group>";
		};
		4A4FD8C821542A6100011353 /* JenkinsMonitor */ = {
			isa = PBXGroup;
			children = (
				4A4FD8DF21542B5100011353 /* icon.png */,
				4AAF03B6215AF7A80074E67C /* NSTableView+ContextMenu.h */,
				4AAF03B7215AF7A80074E67C /* NSTableView+ContextMenu.m */,
				4A3A4840215D5BB600C70145 /* icon_menu_active@2x.png */,
				4A4FD8DD21542B4700011353 /* icon_menu@2x.png */,
				4AAF03B0215AC6430074E67C /* TableItem.h */,
				4AAF03B1215AC6430074E67C /* TableItem.m */,
				4A4FD8C921542A6100011353 /* AppDelegate.h */,
				4A4FD8CA21542A6100011353 /* AppDelegate.m */,
				4A4FD8E121545E2900011353 /* Manager.h */,
				4A4FD8E221545E2900011353 /* Manager.m */,
				4A4FD8CC21542A6100011353 /* ViewController.h */,
				4A4FD8CD21542A6100011353 /* ViewController.m */,
				4A4FD8CF21542A6200011353 /* Assets.xcassets */,
				4A4FD8D121542A6200011353 /* Main.storyboard */,
				4A4FD8D421542A6200011353 /* Info.plist */,
				4A4FD8D521542A6200011353 /* main.m */,
				4A4FD8D721542A6200011353 /* JenkinsMonitor.entitlements */,
				4AAF03B3215AD0170074E67C /* CircleImage.h */,
				4AAF03B4215AD0170074E67C /* CircleImage.m */,
			);
			path = JenkinsMonitor;
			sourceTree = "<group>";
		};
/* End PBXGroup section */

/* Begin PBXNativeTarget section */
		4A4FD8C521542A6100011353 /* JenkinsMonitor */ = {
			isa = PBXNativeTarget;
			buildConfigurationList = 4A4FD8DA21542A6200011353 /* Build configuration list for PBXNativeTarget "JenkinsMonitor" */;
			buildPhases = (
				4A4FD8C221542A6100011353 /* Sources */,
				4A4FD8C321542A6100011353 /* Frameworks */,
				4A4FD8C421542A6100011353 /* Resources */,
				FECF6F7E215BF2DD008501F2 /* Increase build number */,
			);
			buildRules = (
			);
			dependencies = (
			);
			name = JenkinsMonitor;
			productName = JenkinsMonitor;
			productReference = 4A4FD8C621542A6100011353 /* JenkinsMonitor.app */;
			productType = "com.apple.product-type.application";
		};
/* End PBXNativeTarget section */

/* Begin PBXProject section */
		4A4FD8BE21542A6100011353 /* Project object */ = {
			isa = PBXProject;
			attributes = {
				LastUpgradeCheck = 0940;
				ORGANIZATIONNAME = "Andrii Tishchenko";
				TargetAttributes = {
					4A4FD8C521542A6100011353 = {
						CreatedOnToolsVersion = 9.4.1;
						ProvisioningStyle = Automatic;
						SystemCapabilities = {
							com.apple.Sandbox = {
								enabled = 1;
							};
						};
					};
				};
			};
			buildConfigurationList = 4A4FD8C121542A6100011353 /* Build configuration list for PBXProject "JenkinsMonitor" */;
			compatibilityVersion = "Xcode 8.0";
			developmentRegion = en;
			hasScannedForEncodings = 0;
			knownRegions = (
				en,
				Base,
			);
			mainGroup = 4A4FD8BD21542A6100011353;
			productRefGroup = 4A4FD8C721542A6100011353 /* Products */;
			projectDirPath = "";
			projectRoot = "";
			targets = (
				4A4FD8C521542A6100011353 /* JenkinsMonitor */,
			);
		};
/* End PBXProject section */

/* Begin PBXResourcesBuildPhase section */
		4A4FD8C421542A6100011353 /* Resources */ = {
			isa = PBXResourcesBuildPhase;
			buildActionMask = 2147483647;
			files = (
				4A4FD8E021542B5100011353 /* icon.png in Resources */,
				4A4FD8D021542A6200011353 /* Assets.xcassets in Resources */,
				4A4FD8DE21542B4800011353 /* icon_menu@2x.png in Resources */,
				4A4FD8D321542A6200011353 /* Main.storyboard in Resources */,
				4A3A4841215D5BB700C70145 /* icon_menu_active@2x.png in Resources */,
			);
			runOnlyForDeploymentPostprocessing = 0;
		};
/* End PBXResourcesBuildPhase section */

/* Begin PBXShellScriptBuildPhase section */
		FECF6F7E215BF2DD008501F2 /* Increase build number */ = {
			isa = PBXShellScriptBuildPhase;
			buildActionMask = 2147483647;
			files = (
			);
			inputPaths = (
			);
			name = "Increase build number";
			outputPaths = (
			);
			runOnlyForDeploymentPostprocessing = 0;
			shellPath = /bin/sh;
			shellScript = "buildNumber=$(/usr/libexec/PlistBuddy -c \"Print CFBundleVersion\" \"${PROJECT_DIR}/${INFOPLIST_FILE}\")\nbuildNumber=$(($buildNumber + 1))\n/usr/libexec/PlistBuddy -c \"Set :CFBundleVersion $buildNumber\" \"${PROJECT_DIR}/${INFOPLIST_FILE}\"";
		};
/* End PBXShellScriptBuildPhase section */

/* Begin PBXSourcesBuildPhase section */
		4A4FD8C221542A6100011353 /* Sources */ = {
			isa = PBXSourcesBuildPhase;
			buildActionMask = 2147483647;
			files = (
				4A4FD8CE21542A6100011353 /* ViewController.m in Sources */,
				4A4FD8D621542A6200011353 /* main.m in Sources */,
				4A4FD8CB21542A6100011353 /* AppDelegate.m in Sources */,
				4AAF03B5215AD0170074E67C /* CircleImage.m in Sources */,
				4AAF03B8215AF7A80074E67C /* NSTableView+ContextMenu.m in Sources */,
				4AAF03B2215AC6430074E67C /* TableItem.m in Sources */,
				4A4FD8E321545E2900011353 /* Manager.m in Sources */,
			);
			runOnlyForDeploymentPostprocessing = 0;
		};
/* End PBXSourcesBuildPhase section */

/* Begin PBXVariantGroup section */
		4A4FD8D121542A6200011353 /* Main.storyboard */ = {
			isa = PBXVariantGroup;
			children = (
				4A4FD8D221542A6200011353 /* Base */,
			);
			name = Main.storyboard;
			sourceTree = "<group>";
		};
/* End PBXVariantGroup section */

/* Begin XCBuildConfiguration section */
		4A4FD8D821542A6200011353 /* Debug */ = {
			isa = XCBuildConfiguration;
			buildSettings = {
				ALWAYS_SEARCH_USER_PATHS = NO;
				CLANG_ANALYZER_NONNULL = YES;
				CLANG_ANALYZER_NUMBER_OBJECT_CONVERSION = YES_AGGRESSIVE;
				CLANG_CXX_LANGUAGE_STANDARD = "gnu++14";
				CLANG_CXX_LIBRARY = "libc++";
				CLANG_ENABLE_MODULES = YES;
				CLANG_ENABLE_OBJC_ARC = YES;
				CLANG_ENABLE_OBJC_WEAK = YES;
				CLANG_WARN_BLOCK_CAPTURE_AUTORELEASING = YES;
				CLANG_WARN_BOOL_CONVERSION = YES;
				CLANG_WARN_COMMA = YES;
				CLANG_WARN_CONSTANT_CONVERSION = YES;
				CLANG_WARN_DEPRECATED_OBJC_IMPLEMENTATIONS = YES;
				CLANG_WARN_DIRECT_OBJC_ISA_USAGE = YES_ERROR;
				CLANG_WARN_DOCUMENTATION_COMMENTS = YES;
				CLANG_WARN_EMPTY_BODY = YES;
				CLANG_WARN_ENUM_CONVERSION = YES;
				CLANG_WARN_INFINITE_RECURSION = YES;
				CLANG_WARN_INT_CONVERSION = YES;
				CLANG_WARN_NON_LITERAL_NULL_CONVERSION = YES;
				CLANG_WARN_OBJC_IMPLICIT_RETAIN_SELF = YES;
				CLANG_WARN_OBJC_LITERAL_CONVERSION = YES;
				CLANG_WARN_OBJC_ROOT_CLASS = YES_ERROR;
				CLANG_WARN_RANGE_LOOP_ANALYSIS = YES;
				CLANG_WARN_STRICT_PROTOTYPES = YES;
				CLANG_WARN_SUSPICIOUS_MOVE = YES;
				CLANG_WARN_UNGUARDED_AVAILABILITY = YES_AGGRESSIVE;
				CLANG_WARN_UNREACHABLE_CODE = YES;
				CLANG_WARN__DUPLICATE_METHOD_MATCH = YES;
				CODE_SIGN_IDENTITY = "-";
				COPY_PHASE_STRIP = NO;
				DEBUG_INFORMATION_FORMAT = dwarf;
				ENABLE_STRICT_OBJC_MSGSEND = YES;
				ENABLE_TESTABILITY = YES;
				GCC_C_LANGUAGE_STANDARD = gnu11;
				GCC_DYNAMIC_NO_PIC = NO;
				GCC_NO_COMMON_BLOCKS = YES;
				GCC_OPTIMIZATION_LEVEL = 0;
				GCC_PREPROCESSOR_DEFINITIONS = (
					"DEBUG=1",
					"$(inherited)",
				);
				GCC_WARN_64_TO_32_BIT_CONVERSION = YES;
				GCC_WARN_ABOUT_RETURN_TYPE = YES_ERROR;
				GCC_WARN_UNDECLARED_SELECTOR = YES;
				GCC_WARN_UNINITIALIZED_AUTOS = YES_AGGRESSIVE;
				GCC_WARN_UNUSED_FUNCTION = YES;
				GCC_WARN_UNUSED_VARIABLE = YES;
				MACOSX_DEPLOYMENT_TARGET = 10.12;
				MTL_ENABLE_DEBUG_INFO = YES;
				ONLY_ACTIVE_ARCH = YES;
				SDKROOT = macosx;
			};
			name = Debug;
		};
		4A4FD8D921542A6200011353 /* Release */ = {
			isa = XCBuildConfiguration;
			buildSettings = {
				ALWAYS_SEARCH_USER_PATHS = NO;
				CLANG_ANALYZER_NONNULL = YES;
				CLANG_ANALYZER_NUMBER_OBJECT_CONVERSION = YES_AGGRESSIVE;
				CLANG_CXX_LANGUAGE_STANDARD = "gnu++14";
				CLANG_CXX_LIBRARY = "libc++";
				CLANG_ENABLE_MODULES = YES;
				CLANG_ENABLE_OBJC_ARC = YES;
				CLANG_ENABLE_OBJC_WEAK = YES;
				CLANG_WARN_BLOCK_CAPTURE_AUTORELEASING = YES;
				CLANG_WARN_BOOL_CONVERSION = YES;
				CLANG_WARN_COMMA = YES;
				CLANG_WARN_CONSTANT_CONVERSION = YES;
				CLANG_WARN_DEPRECATED_OBJC_IMPLEMENTATIONS = YES;
				CLANG_WARN_DIRECT_OBJC_ISA_USAGE = YES_ERROR;
				CLANG_WARN_DOCUMENTATION_COMMENTS = YES;
				CLANG_WARN_EMPTY_BODY = YES;
				CLANG_WARN_ENUM_CONVERSION = YES;
				CLANG_WARN_INFINITE_RECURSION = YES;
				CLANG_WARN_INT_CONVERSION = YES;
				CLANG_WARN_NON_LITERAL_NULL_CONVERSION = YES;
				CLANG_WARN_OBJC_IMPLICIT_RETAIN_SELF = YES;
				CLANG_WARN_OBJC_LITERAL_CONVERSION = YES;
				CLANG_WARN_OBJC_ROOT_CLASS = YES_ERROR;
				CLANG_WARN_RANGE_LOOP_ANALYSIS = YES;
				CLANG_WARN_STRICT_PROTOTYPES = YES;
				CLANG_WARN_SUSPICIOUS_MOVE = YES;
				CLANG_WARN_UNGUARDED_AVAILABILITY = YES_AGGRESSIVE;
				CLANG_WARN_UNREACHABLE_CODE = YES;
				CLANG_WARN__DUPLICATE_METHOD_MATCH = YES;
				CODE_SIGN_IDENTITY = "-";
				COPY_PHASE_STRIP = NO;
				DEBUG_INFORMATION_FORMAT = "dwarf-with-dsym";
				ENABLE_NS_ASSERTIONS = NO;
				ENABLE_STRICT_OBJC_MSGSEND = YES;
				GCC_C_LANGUAGE_STANDARD = gnu11;
				GCC_NO_COMMON_BLOCKS = YES;
				GCC_WARN_64_TO_32_BIT_CONVERSION = YES;
				GCC_WARN_ABOUT_RETURN_TYPE = YES_ERROR;
				GCC_WARN_UNDECLARED_SELECTOR = YES;
				GCC_WARN_UNINITIALIZED_AUTOS = YES_AGGRESSIVE;
				GCC_WARN_UNUSED_FUNCTION = YES;
				GCC_WARN_UNUSED_VARIABLE = YES;
				MACOSX_DEPLOYMENT_TARGET = 10.12;
				MTL_ENABLE_DEBUG_INFO = NO;
				SDKROOT = macosx;
			};
			name = Release;
		};
		4A4FD8DB21542A6200011353 /* Debug */ = {
			isa = XCBuildConfiguration;
			buildSettings = {
				ASSETCATALOG_COMPILER_APPICON_NAME = AppIcon;
				CODE_SIGN_ENTITLEMENTS = JenkinsMonitor/JenkinsMonitor.entitlements;
				CODE_SIGN_STYLE = Automatic;
				COMBINE_HIDPI_IMAGES = YES;
				INFOPLIST_FILE = JenkinsMonitor/Info.plist;
				LD_RUNPATH_SEARCH_PATHS = "$(inherited) @executable_path/../Frameworks";
				PRODUCT_BUNDLE_IDENTIFIER = com.at.jenkinsmonitor.JenkinsMonitor;
				PRODUCT_NAME = "$(TARGET_NAME)";
			};
			name = Debug;
		};
		4A4FD8DC21542A6200011353 /* Release */ = {
			isa = XCBuildConfiguration;
			buildSettings = {
				ASSETCATALOG_COMPILER_APPICON_NAME = AppIcon;
				CODE_SIGN_ENTITLEMENTS = JenkinsMonitor/JenkinsMonitor.entitlements;
				CODE_SIGN_STYLE = Automatic;
				COMBINE_HIDPI_IMAGES = YES;
				INFOPLIST_FILE = JenkinsMonitor/Info.plist;
				LD_RUNPATH_SEARCH_PATHS = "$(inherited) @executable_path/../Frameworks";
				PRODUCT_BUNDLE_IDENTIFIER = com.at.jenkinsmonitor.JenkinsMonitor;
				PRODUCT_NAME = "$(TARGET_NAME)";
			};
			name = Release;
		};
/* End XCBuildConfiguration section */

/* Begin XCConfigurationList section */
		4A4FD8C121542A6100011353 /* Build configuration list for PBXProject "JenkinsMonitor" */ = {
			isa = XCConfigurationList;
			buildConfigurations = (
				4A4FD8D821542A6200011353 /* Debug */,
				4A4FD8D921542A6200011353 /* Release */,
			);
			defaultConfigurationIsVisible = 0;
			defaultConfigurationName = Release;
		};
		4A4FD8DA21542A6200011353 /* Build configuration list for PBXNativeTarget "JenkinsMonitor" */ = {
			isa = XCConfigurationList;
			buildConfigurations = (
				4A4FD8DB21542A6200011353 /* Debug */,
				4A4FD8DC21542A6200011353 /* Release */,
			);
			defaultConfigurationIsVisible = 0;
			defaultConfigurationName = Release;
		};
/* End XCConfigurationList section */
	};
	rootObject = 4A4FD8BE21542A6100011353 /* Project object */;
}
